// !$*UTF8*$!
{
	archiveVersion = 1;
	classes = {
	};
	objectVersion = 77;
	objects = {

/* Begin PBXBuildFile section */
		DF6C3D9D2ECBE645003963D9 /* MusicKit.framework in Frameworks */ = {isa = PBXBuildFile; fileRef = DF6C3D9C2ECBE645003963D9 /* MusicKit.framework */; };
/* End PBXBuildFile section */

/* Begin PBXContainerItemProxy section */
		DF58E5B02E68E590008D4922 /* PBXContainerItemProxy */ = {
			isa = PBXContainerItemProxy;
			containerPortal = DF58E59A2E68E58E008D4922 /* Project object */;
			proxyType = 1;
			remoteGlobalIDString = DF58E5A12E68E58E008D4922;
			remoteInfo = DAOmates;
		};
		DF58E5BA2E68E590008D4922 /* PBXContainerItemProxy */ = {
			isa = PBXContainerItemProxy;
			containerPortal = DF58E59A2E68E58E008D4922 /* Project object */;
			proxyType = 1;
			remoteGlobalIDString = DF58E5A12E68E58E008D4922;
			remoteInfo = DAOmates;
		};
/* End PBXContainerItemProxy section */

/* Begin PBXFileReference section */
		DF58E5A22E68E58E008D4922 /* Strawbie.app */ = {isa = PBXFileReference; explicitFileType = wrapper.application; includeInIndex = 0; path = Strawbie.app; sourceTree = BUILT_PRODUCTS_DIR; };
		DF58E5AF2E68E590008D4922 /* DAOmatesTests.xctest */ = {isa = PBXFileReference; explicitFileType = wrapper.cfbundle; includeInIndex = 0; path = DAOmatesTests.xctest; sourceTree = BUILT_PRODUCTS_DIR; };
		DF58E5B92E68E590008D4922 /* DAOmatesUITests.xctest */ = {isa = PBXFileReference; explicitFileType = wrapper.cfbundle; includeInIndex = 0; path = DAOmatesUITests.xctest; sourceTree = BUILT_PRODUCTS_DIR; };
		DF6C3D922EC906A8003963D9 /* Test_Flight_Onboarding_Video_V2.mp4 */ = {isa = PBXFileReference; lastKnownFileType = file; name = Test_Flight_Onboarding_Video_V2.mp4; path = ../../../../Downloads/Test_Flight_Onboarding_Video_V2.mp4; sourceTree = "<group>"; };
		DF6C3D9C2ECBE645003963D9 /* MusicKit.framework */ = {isa = PBXFileReference; lastKnownFileType = wrapper.framework; name = MusicKit.framework; path = System/Library/Frameworks/MusicKit.framework; sourceTree = SDKROOT; };
/* End PBXFileReference section */

/* Begin PBXFileSystemSynchronizedBuildFileExceptionSet section */
		DFC675992E975EB60004C0C1 /* Exceptions for "DAOmates" folder in "DAOmates" target */ = {
			isa = PBXFileSystemSynchronizedBuildFileExceptionSet;
			membershipExceptions = (
				Info.plist,
			);
			target = DF58E5A12E68E58E008D4922 /* DAOmates */;
		};
/* End PBXFileSystemSynchronizedBuildFileExceptionSet section */

/* Begin PBXFileSystemSynchronizedRootGroup section */
		DF58E5A42E68E58E008D4922 /* DAOmates */ = {
			isa = PBXFileSystemSynchronizedRootGroup;
			exceptions = (
				DFC675992E975EB60004C0C1 /* Exceptions for "DAOmates" folder in "DAOmates" target */,
			);
			path = DAOmates;
			sourceTree = "<group>";
		};
		DF58E5B22E68E590008D4922 /* DAOmatesTests */ = {
			isa = PBXFileSystemSynchronizedRootGroup;
			path = DAOmatesTests;
			sourceTree = "<group>";
		};
		DF58E5BC2E68E590008D4922 /* DAOmatesUITests */ = {
			isa = PBXFileSystemSynchronizedRootGroup;
			path = DAOmatesUITests;
			sourceTree = "<group>";
		};
/* End PBXFileSystemSynchronizedRootGroup section */

/* Begin PBXFrameworksBuildPhase section */
		DF58E59F2E68E58E008D4922 /* Frameworks */ = {
			isa = PBXFrameworksBuildPhase;
			buildActionMask = 2147483647;
			files = (
				DF6C3D9D2ECBE645003963D9 /* MusicKit.framework in Frameworks */,
			);
			runOnlyForDeploymentPostprocessing = 0;
		};
		DF58E5AC2E68E590008D4922 /* Frameworks */ = {
			isa = PBXFrameworksBuildPhase;
			buildActionMask = 2147483647;
			files = (
			);
			runOnlyForDeploymentPostprocessing = 0;
		};
		DF58E5B62E68E590008D4922 /* Frameworks */ = {
			isa = PBXFrameworksBuildPhase;
			buildActionMask = 2147483647;
			files = (
			);
			runOnlyForDeploymentPostprocessing = 0;
		};
/* End PBXFrameworksBuildPhase section */

/* Begin PBXGroup section */
		DF58E5992E68E58E008D4922 = {
			isa = PBXGroup;
			children = (
				DF6C3D922EC906A8003963D9 /* Test_Flight_Onboarding_Video_V2.mp4 */,
				DF58E5A42E68E58E008D4922 /* DAOmates */,
				DF58E5B22E68E590008D4922 /* DAOmatesTests */,
				DF58E5BC2E68E590008D4922 /* DAOmatesUITests */,
				DF6C3D9B2ECBE645003963D9 /* Frameworks */,
				DF58E5A32E68E58E008D4922 /* Products */,
			);
			sourceTree = "<group>";
		};
		DF58E5A32E68E58E008D4922 /* Products */ = {
			isa = PBXGroup;
			children = (
				DF58E5A22E68E58E008D4922 /* Strawbie.app */,
				DF58E5AF2E68E590008D4922 /* DAOmatesTests.xctest */,
				DF58E5B92E68E590008D4922 /* DAOmatesUITests.xctest */,
			);
			name = Products;
			sourceTree = "<group>";
		};
		DF6C3D9B2ECBE645003963D9 /* Frameworks */ = {
			isa = PBXGroup;
			children = (
				DF6C3D9C2ECBE645003963D9 /* MusicKit.framework */,
			);
			name = Frameworks;
			sourceTree = "<group>";
		};
/* End PBXGroup section */

/* Begin PBXNativeTarget section */
		DF58E5A12E68E58E008D4922 /* DAOmates */ = {
			isa = PBXNativeTarget;
			buildConfigurationList = DF58E5C32E68E590008D4922 /* Build configuration list for PBXNativeTarget "DAOmates" */;
			buildPhases = (
				DF58E59E2E68E58E008D4922 /* Sources */,
				DF58E59F2E68E58E008D4922 /* Frameworks */,
				DF58E5A02E68E58E008D4922 /* Resources */,
			);
			buildRules = (
			);
			dependencies = (
			);
			fileSystemSynchronizedGroups = (
				DF58E5A42E68E58E008D4922 /* DAOmates */,
			);
			name = DAOmates;
			packageProductDependencies = (
			);
			productName = DAOmates;
			productReference = DF58E5A22E68E58E008D4922 /* Strawbie.app */;
			productType = "com.apple.product-type.application";
		};
		DF58E5AE2E68E590008D4922 /* DAOmatesTests */ = {
			isa = PBXNativeTarget;
			buildConfigurationList = DF58E5C62E68E590008D4922 /* Build configuration list for PBXNativeTarget "DAOmatesTests" */;
			buildPhases = (
				DF58E5AB2E68E590008D4922 /* Sources */,
				DF58E5AC2E68E590008D4922 /* Frameworks */,
				DF58E5AD2E68E590008D4922 /* Resources */,
			);
			buildRules = (
			);
			dependencies = (
				DF58E5B12E68E590008D4922 /* PBXTargetDependency */,
			);
			fileSystemSynchronizedGroups = (
				DF58E5B22E68E590008D4922 /* DAOmatesTests */,
			);
			name = DAOmatesTests;
			packageProductDependencies = (
			);
			productName = DAOmatesTests;
			productReference = DF58E5AF2E68E590008D4922 /* DAOmatesTests.xctest */;
			productType = "com.apple.product-type.bundle.unit-test";
		};
		DF58E5B82E68E590008D4922 /* DAOmatesUITests */ = {
			isa = PBXNativeTarget;
			buildConfigurationList = DF58E5C92E68E590008D4922 /* Build configuration list for PBXNativeTarget "DAOmatesUITests" */;
			buildPhases = (
				DF58E5B52E68E590008D4922 /* Sources */,
				DF58E5B62E68E590008D4922 /* Frameworks */,
				DF58E5B72E68E590008D4922 /* Resources */,
			);
			buildRules = (
			);
			dependencies = (
				DF58E5BB2E68E590008D4922 /* PBXTargetDependency */,
			);
			fileSystemSynchronizedGroups = (
				DF58E5BC2E68E590008D4922 /* DAOmatesUITests */,
			);
			name = DAOmatesUITests;
			packageProductDependencies = (
			);
			productName = DAOmatesUITests;
			productReference = DF58E5B92E68E590008D4922 /* DAOmatesUITests.xctest */;
			productType = "com.apple.product-type.bundle.ui-testing";
		};
/* End PBXNativeTarget section */

/* Begin PBXProject section */
		DF58E59A2E68E58E008D4922 /* Project object */ = {
			isa = PBXProject;
			attributes = {
				BuildIndependentTargetsInParallel = 1;
				LastSwiftUpdateCheck = 1640;
				LastUpgradeCheck = 1640;
				TargetAttributes = {
					DF58E5A12E68E58E008D4922 = {
						CreatedOnToolsVersion = 16.4;
					};
					DF58E5AE2E68E590008D4922 = {
						CreatedOnToolsVersion = 16.4;
						TestTargetID = DF58E5A12E68E58E008D4922;
					};
					DF58E5B82E68E590008D4922 = {
						CreatedOnToolsVersion = 16.4;
						TestTargetID = DF58E5A12E68E58E008D4922;
					};
				};
			};
			buildConfigurationList = DF58E59D2E68E58E008D4922 /* Build configuration list for PBXProject "DAOmates" */;
			developmentRegion = en;
			hasScannedForEncodings = 0;
			knownRegions = (
				en,
				Base,
			);
			mainGroup = DF58E5992E68E58E008D4922;
			minimizedProjectReferenceProxies = 1;
			preferredProjectObjectVersion = 77;
			productRefGroup = DF58E5A32E68E58E008D4922 /* Products */;
			projectDirPath = "";
			projectRoot = "";
			targets = (
				DF58E5A12E68E58E008D4922 /* DAOmates */,
				DF58E5AE2E68E590008D4922 /* DAOmatesTests */,
				DF58E5B82E68E590008D4922 /* DAOmatesUITests */,
			);
		};
/* End PBXProject section */

/* Begin PBXResourcesBuildPhase section */
		DF58E5A02E68E58E008D4922 /* Resources */ = {
			isa = PBXResourcesBuildPhase;
			buildActionMask = 2147483647;
			files = (
			);
			runOnlyForDeploymentPostprocessing = 0;
		};
		DF58E5AD2E68E590008D4922 /* Resources */ = {
			isa = PBXResourcesBuildPhase;
			buildActionMask = 2147483647;
			files = (
			);
			runOnlyForDeploymentPostprocessing = 0;
		};
		DF58E5B72E68E590008D4922 /* Resources */ = {
			isa = PBXResourcesBuildPhase;
			buildActionMask = 2147483647;
			files = (
			);
			runOnlyForDeploymentPostprocessing = 0;
		};
/* End PBXResourcesBuildPhase section */

/* Begin PBXSourcesBuildPhase section */
		DF58E59E2E68E58E008D4922 /* Sources */ = {
			isa = PBXSourcesBuildPhase;
			buildActionMask = 2147483647;
			files = (
			);
			runOnlyForDeploymentPostprocessing = 0;
		};
		DF58E5AB2E68E590008D4922 /* Sources */ = {
			isa = PBXSourcesBuildPhase;
			buildActionMask = 2147483647;
			files = (
			);
			runOnlyForDeploymentPostprocessing = 0;
		};
		DF58E5B52E68E590008D4922 /* Sources */ = {
			isa = PBXSourcesBuildPhase;
			buildActionMask = 2147483647;
			files = (
			);
			runOnlyForDeploymentPostprocessing = 0;
		};
/* End PBXSourcesBuildPhase section */

/* Begin PBXTargetDependency section */
		DF58E5B12E68E590008D4922 /* PBXTargetDependency */ = {
			isa = PBXTargetDependency;
			target = DF58E5A12E68E58E008D4922 /* DAOmates */;
			targetProxy = DF58E5B02E68E590008D4922 /* PBXContainerItemProxy */;
		};
		DF58E5BB2E68E590008D4922 /* PBXTargetDependency */ = {
			isa = PBXTargetDependency;
			target = DF58E5A12E68E58E008D4922 /* DAOmates */;
			targetProxy = DF58E5BA2E68E590008D4922 /* PBXContainerItemProxy */;
		};
/* End PBXTargetDependency section */

/* Begin XCBuildConfiguration section */
		DF58E5C12E68E590008D4922 /* Debug */ = {
			isa = XCBuildConfiguration;
			buildSettings = {
				ALWAYS_SEARCH_USER_PATHS = NO;
				ASSETCATALOG_COMPILER_GENERATE_SWIFT_ASSET_SYMBOL_EXTENSIONS = YES;
				CLANG_ANALYZER_NONNULL = YES;
				CLANG_ANALYZER_NUMBER_OBJECT_CONVERSION = YES_AGGRESSIVE;
				CLANG_CXX_LANGUAGE_STANDARD = "gnu++20";
				CLANG_ENABLE_MODULES = YES;
				CLANG_ENABLE_OBJC_ARC = YES;
				CLANG_ENABLE_OBJC_WEAK = YES;
				CLANG_WARN_BLOCK_CAPTURE_AUTORELEASING = YES;
				CLANG_WARN_BOOL_CONVERSION = YES;
				CLANG_WARN_COMMA = YES;
				CLANG_WARN_CONSTANT_CONVERSION = YES;
				CLANG_WARN_DEPRECATED_OBJC_IMPLEMENTATIONS = YES;
				CLANG_WARN_DIRECT_OBJC_ISA_USAGE = YES_ERROR;
				CLANG_WARN_DOCUMENTATION_COMMENTS = YES;
				CLANG_WARN_EMPTY_BODY = YES;
				CLANG_WARN_ENUM_CONVERSION = YES;
				CLANG_WARN_INFINITE_RECURSION = YES;
				CLANG_WARN_INT_CONVERSION = YES;
				CLANG_WARN_NON_LITERAL_NULL_CONVERSION = YES;
				CLANG_WARN_OBJC_IMPLICIT_RETAIN_SELF = YES;
				CLANG_WARN_OBJC_LITERAL_CONVERSION = YES;
				CLANG_WARN_OBJC_ROOT_CLASS = YES_ERROR;
				CLANG_WARN_QUOTED_INCLUDE_IN_FRAMEWORK_HEADER = YES;
				CLANG_WARN_RANGE_LOOP_ANALYSIS = YES;
				CLANG_WARN_STRICT_PROTOTYPES = YES;
				CLANG_WARN_SUSPICIOUS_MOVE = YES;
				CLANG_WARN_UNGUARDED_AVAILABILITY = YES_AGGRESSIVE;
				CLANG_WARN_UNREACHABLE_CODE = YES;
				CLANG_WARN__DUPLICATE_METHOD_MATCH = YES;
				COPY_PHASE_STRIP = NO;
				DEBUG_INFORMATION_FORMAT = dwarf;
				ENABLE_STRICT_OBJC_MSGSEND = YES;
				ENABLE_TESTABILITY = YES;
				ENABLE_USER_SCRIPT_SANDBOXING = YES;
				GCC_C_LANGUAGE_STANDARD = gnu17;
				GCC_DYNAMIC_NO_PIC = NO;
				GCC_NO_COMMON_BLOCKS = YES;
				GCC_OPTIMIZATION_LEVEL = 0;
				GCC_PREPROCESSOR_DEFINITIONS = (
					"DEBUG=1",
					"$(inherited)",
				);
				GCC_WARN_64_TO_32_BIT_CONVERSION = YES;
				GCC_WARN_ABOUT_RETURN_TYPE = YES_ERROR;
				GCC_WARN_UNDECLARED_SELECTOR = YES;
				GCC_WARN_UNINITIALIZED_AUTOS = YES_AGGRESSIVE;
				GCC_WARN_UNUSED_FUNCTION = YES;
				GCC_WARN_UNUSED_VARIABLE = YES;
				IPHONEOS_DEPLOYMENT_TARGET = 18.5;
				LOCALIZATION_PREFERS_STRING_CATALOGS = YES;
				MTL_ENABLE_DEBUG_INFO = INCLUDE_SOURCE;
				MTL_FAST_MATH = YES;
				ONLY_ACTIVE_ARCH = YES;
				SDKROOT = iphoneos;
				SWIFT_ACTIVE_COMPILATION_CONDITIONS = "DEBUG $(inherited)";
				SWIFT_OPTIMIZATION_LEVEL = "-Onone";
			};
			name = Debug;
		};
		DF58E5C22E68E590008D4922 /* Release */ = {
			isa = XCBuildConfiguration;
			buildSettings = {
				ALWAYS_SEARCH_USER_PATHS = NO;
				ASSETCATALOG_COMPILER_GENERATE_SWIFT_ASSET_SYMBOL_EXTENSIONS = YES;
				CLANG_ANALYZER_NONNULL = YES;
				CLANG_ANALYZER_NUMBER_OBJECT_CONVERSION = YES_AGGRESSIVE;
				CLANG_CXX_LANGUAGE_STANDARD = "gnu++20";
				CLANG_ENABLE_MODULES = YES;
				CLANG_ENABLE_OBJC_ARC = YES;
				CLANG_ENABLE_OBJC_WEAK = YES;
				CLANG_WARN_BLOCK_CAPTURE_AUTORELEASING = YES;
				CLANG_WARN_BOOL_CONVERSION = YES;
				CLANG_WARN_COMMA = YES;
				CLANG_WARN_CONSTANT_CONVERSION = YES;
				CLANG_WARN_DEPRECATED_OBJC_IMPLEMENTATIONS = YES;
				CLANG_WARN_DIRECT_OBJC_ISA_USAGE = YES_ERROR;
				CLANG_WARN_DOCUMENTATION_COMMENTS = YES;
				CLANG_WARN_EMPTY_BODY = YES;
				CLANG_WARN_ENUM_CONVERSION = YES;
				CLANG_WARN_INFINITE_RECURSION = YES;
				CLANG_WARN_INT_CONVERSION = YES;
				CLANG_WARN_NON_LITERAL_NULL_CONVERSION = YES;
				CLANG_WARN_OBJC_IMPLICIT_RETAIN_SELF = YES;
				CLANG_WARN_OBJC_LITERAL_CONVERSION = YES;
				CLANG_WARN_OBJC_ROOT_CLASS = YES_ERROR;
				CLANG_WARN_QUOTED_INCLUDE_IN_FRAMEWORK_HEADER = YES;
				CLANG_WARN_RANGE_LOOP_ANALYSIS = YES;
				CLANG_WARN_STRICT_PROTOTYPES = YES;
				CLANG_WARN_SUSPICIOUS_MOVE = YES;
				CLANG_WARN_UNGUARDED_AVAILABILITY = YES_AGGRESSIVE;
				CLANG_WARN_UNREACHABLE_CODE = YES;
				CLANG_WARN__DUPLICATE_METHOD_MATCH = YES;
				COPY_PHASE_STRIP = NO;
				DEBUG_INFORMATION_FORMAT = "dwarf-with-dsym";
				ENABLE_NS_ASSERTIONS = NO;
				ENABLE_STRICT_OBJC_MSGSEND = YES;
				ENABLE_USER_SCRIPT_SANDBOXING = YES;
				GCC_C_LANGUAGE_STANDARD = gnu17;
				GCC_NO_COMMON_BLOCKS = YES;
				GCC_WARN_64_TO_32_BIT_CONVERSION = YES;
				GCC_WARN_ABOUT_RETURN_TYPE = YES_ERROR;
				GCC_WARN_UNDECLARED_SELECTOR = YES;
				GCC_WARN_UNINITIALIZED_AUTOS = YES_AGGRESSIVE;
				GCC_WARN_UNUSED_FUNCTION = YES;
				GCC_WARN_UNUSED_VARIABLE = YES;
				IPHONEOS_DEPLOYMENT_TARGET = 18.5;
				LOCALIZATION_PREFERS_STRING_CATALOGS = YES;
				MTL_ENABLE_DEBUG_INFO = NO;
				MTL_FAST_MATH = YES;
				SDKROOT = iphoneos;
				SWIFT_COMPILATION_MODE = wholemodule;
				VALIDATE_PRODUCT = YES;
			};
			name = Release;
		};
		DF58E5C42E68E590008D4922 /* Debug */ = {
			isa = XCBuildConfiguration;
			buildSettings = {
				ASSETCATALOG_COMPILER_APPICON_NAME = AppIcon;
				ASSETCATALOG_COMPILER_GLOBAL_ACCENT_COLOR_NAME = AccentColor;
				CODE_SIGN_STYLE = Automatic;
				CURRENT_PROJECT_VERSION = 1;
				DEVELOPMENT_TEAM = 88HDCQ6TP9;
				ENABLE_PREVIEWS = YES;
				GENERATE_INFOPLIST_FILE = YES;
				INFOPLIST_KEY_NSAppleMusicUsageDescription = "We need access to Apple Music to play your favorite songs";
				INFOPLIST_KEY_NSMicrophoneUsageDescription = "Strawbie needs access to your microphone to record voice messages when chatting with your AI bestie. Your voice is processed locally and used only for speech-to-text conversion.";
				INFOPLIST_KEY_NSSpeechRecognitionUsageDescription = "Strawbie uses speech recognition to convert your voice messages into text when chatting. This allows you to have natural conversations using voice input.";
				INFOPLIST_KEY_UIApplicationSceneManifest_Generation = YES;
				INFOPLIST_KEY_UIApplicationSupportsIndirectInputEvents = YES;
				INFOPLIST_KEY_UILaunchScreen_Generation = YES;
				INFOPLIST_KEY_UISupportedInterfaceOrientations_iPad = "UIInterfaceOrientationPortrait UIInterfaceOrientationPortraitUpsideDown UIInterfaceOrientationLandscapeLeft UIInterfaceOrientationLandscapeRight";
				INFOPLIST_KEY_UISupportedInterfaceOrientations_iPhone = "UIInterfaceOrientationPortrait UIInterfaceOrientationLandscapeLeft UIInterfaceOrientationLandscapeRight";
				LD_RUNPATH_SEARCH_PATHS = (
					"$(inherited)",
					"@executable_path/Frameworks",
				);
				MARKETING_VERSION = 1.0;
				PRODUCT_BUNDLE_IDENTIFIER = ai.vybelabs.DAOmates;
				PRODUCT_NAME = Strawbie;
				SWIFT_EMIT_LOC_STRINGS = YES;
				SWIFT_VERSION = 5.0;
				TARGETED_DEVICE_FAMILY = "1,2";
			};
			name = Debug;
		};
		DF58E5C52E68E590008D4922 /* Release */ = {
			isa = XCBuildConfiguration;
			buildSettings = {
				ASSETCATALOG_COMPILER_APPICON_NAME = AppIcon;
				ASSETCATALOG_COMPILER_GLOBAL_ACCENT_COLOR_NAME = AccentColor;
				CODE_SIGN_STYLE = Automatic;
				CURRENT_PROJECT_VERSION = 1;
				DEVELOPMENT_TEAM = 88HDCQ6TP9;
				ENABLE_PREVIEWS = YES;
				GENERATE_INFOPLIST_FILE = YES;
				INFOPLIST_KEY_NSAppleMusicUsageDescription = "We need access to Apple Music to play your favorite songs";
				INFOPLIST_KEY_NSMicrophoneUsageDescription = "Strawbie needs access to your microphone to record voice messages when chatting with your AI bestie. Your voice is processed locally and used only for speech-to-text conversion.";
				INFOPLIST_KEY_NSSpeechRecognitionUsageDescription = "Strawbie uses speech recognition to convert your voice messages into text when chatting. This allows you to have natural conversations using voice input.";
				INFOPLIST_KEY_UIApplicationSceneManifest_Generation = YES;
				INFOPLIST_KEY_UIApplicationSupportsIndirectInputEvents = YES;
				INFOPLIST_KEY_UILaunchScreen_Generation = YES;
				INFOPLIST_KEY_UISupportedInterfaceOrientations_iPad = "UIInterfaceOrientationPortrait UIInterfaceOrientationPortraitUpsideDown UIInterfaceOrientationLandscapeLeft UIInterfaceOrientationLandscapeRight";
				INFOPLIST_KEY_UISupportedInterfaceOrientations_iPhone = "UIInterfaceOrientationPortrait UIInterfaceOrientationLandscapeLeft UIInterfaceOrientationLandscapeRight";
				LD_RUNPATH_SEARCH_PATHS = (
					"$(inherited)",
					"@executable_path/Frameworks",
				);
				MARKETING_VERSION = 1.0;
				PRODUCT_BUNDLE_IDENTIFIER = ai.vybelabs.DAOmates;
				PRODUCT_NAME = Strawbie;
				SWIFT_EMIT_LOC_STRINGS = YES;
				SWIFT_VERSION = 5.0;
				TARGETED_DEVICE_FAMILY = "1,2";
			};
			name = Release;
		};
		DF58E5C72E68E590008D4922 /* Debug */ = {
			isa = XCBuildConfiguration;
			buildSettings = {
				BUNDLE_LOADER = "$(TEST_HOST)";
				CODE_SIGN_STYLE = Automatic;
				CURRENT_PROJECT_VERSION = 1;
				DEVELOPMENT_TEAM = 88HDCQ6TP9;
				GENERATE_INFOPLIST_FILE = YES;
				IPHONEOS_DEPLOYMENT_TARGET = 18.5;
				MARKETING_VERSION = 1.0;
				PRODUCT_BUNDLE_IDENTIFIER = ai.vybelabs.DAOmatesTests;
				PRODUCT_NAME = "$(TARGET_NAME)";
				SWIFT_EMIT_LOC_STRINGS = NO;
				SWIFT_VERSION = 5.0;
				TARGETED_DEVICE_FAMILY = "1,2";
				TEST_HOST = "$(BUILT_PRODUCTS_DIR)/DAOmates.app/$(BUNDLE_EXECUTABLE_FOLDER_PATH)/DAOmates";
			};
			name = Debug;
		};
		DF58E5C82E68E590008D4922 /* Release */ = {
			isa = XCBuildConfiguration;
			buildSettings = {
				BUNDLE_LOADER = "$(TEST_HOST)";
				CODE_SIGN_STYLE = Automatic;
				CURRENT_PROJECT_VERSION = 1;
				DEVELOPMENT_TEAM = 88HDCQ6TP9;
				GENERATE_INFOPLIST_FILE = YES;
				IPHONEOS_DEPLOYMENT_TARGET = 18.5;
				MARKETING_VERSION = 1.0;
				PRODUCT_BUNDLE_IDENTIFIER = ai.vybelabs.DAOmatesTests;
				PRODUCT_NAME = "$(TARGET_NAME)";
				SWIFT_EMIT_LOC_STRINGS = NO;
				SWIFT_VERSION = 5.0;
				TARGETED_DEVICE_FAMILY = "1,2";
				TEST_HOST = "$(BUILT_PRODUCTS_DIR)/DAOmates.app/$(BUNDLE_EXECUTABLE_FOLDER_PATH)/DAOmates";
			};
			name = Release;
		};
		DF58E5CA2E68E590008D4922 /* Debug */ = {
			isa = XCBuildConfiguration;
			buildSettings = {
				CODE_SIGN_STYLE = Automatic;
				CURRENT_PROJECT_VERSION = 1;
				DEVELOPMENT_TEAM = 88HDCQ6TP9;
				GENERATE_INFOPLIST_FILE = YES;
				MARKETING_VERSION = 1.0;
				PRODUCT_BUNDLE_IDENTIFIER = ai.vybelabs.DAOmatesUITests;
				PRODUCT_NAME = "$(TARGET_NAME)";
				SWIFT_EMIT_LOC_STRINGS = NO;
				SWIFT_VERSION = 5.0;
				TARGETED_DEVICE_FAMILY = "1,2";
				TEST_TARGET_NAME = DAOmates;
			};
			name = Debug;
		};
		DF58E5CB2E68E590008D4922 /* Release */ = {
			isa = XCBuildConfiguration;
			buildSettings = {
				CODE_SIGN_STYLE = Automatic;
				CURRENT_PROJECT_VERSION = 1;
				DEVELOPMENT_TEAM = 88HDCQ6TP9;
				GENERATE_INFOPLIST_FILE = YES;
				MARKETING_VERSION = 1.0;
				PRODUCT_BUNDLE_IDENTIFIER = ai.vybelabs.DAOmatesUITests;
				PRODUCT_NAME = "$(TARGET_NAME)";
				SWIFT_EMIT_LOC_STRINGS = NO;
				SWIFT_VERSION = 5.0;
				TARGETED_DEVICE_FAMILY = "1,2";
				TEST_TARGET_NAME = DAOmates;
			};
			name = Release;
		};
/* End XCBuildConfiguration section */

/* Begin XCConfigurationList section */
		DF58E59D2E68E58E008D4922 /* Build configuration list for PBXProject "DAOmates" */ = {
			isa = XCConfigurationList;
			buildConfigurations = (
				DF58E5C12E68E590008D4922 /* Debug */,
				DF58E5C22E68E590008D4922 /* Release */,
			);
			defaultConfigurationIsVisible = 0;
			defaultConfigurationName = Release;
		};
		DF58E5C32E68E590008D4922 /* Build configuration list for PBXNativeTarget "DAOmates" */ = {
			isa = XCConfigurationList;
			buildConfigurations = (
				DF58E5C42E68E590008D4922 /* Debug */,
				DF58E5C52E68E590008D4922 /* Release */,
			);
			defaultConfigurationIsVisible = 0;
			defaultConfigurationName = Release;
		};
		DF58E5C62E68E590008D4922 /* Build configuration list for PBXNativeTarget "DAOmatesTests" */ = {
			isa = XCConfigurationList;
			buildConfigurations = (
				DF58E5C72E68E590008D4922 /* Debug */,
				DF58E5C82E68E590008D4922 /* Release */,
			);
			defaultConfigurationIsVisible = 0;
			defaultConfigurationName = Release;
		};
		DF58E5C92E68E590008D4922 /* Build configuration list for PBXNativeTarget "DAOmatesUITests" */ = {
			isa = XCConfigurationList;
			buildConfigurations = (
				DF58E5CA2E68E590008D4922 /* Debug */,
				DF58E5CB2E68E590008D4922 /* Release */,
			);
			defaultConfigurationIsVisible = 0;
			defaultConfigurationName = Release;
		};
/* End XCConfigurationList section */
	};
	rootObject = DF58E59A2E68E58E008D4922 /* Project object */;
}
